
Microsoft Visual Studio Solution File, Format Version 12.00
# Visual Studio 15
VisualStudioVersion = 15.0.28307.572
MinimumVisualStudioVersion = 10.0.40219.1
Project("{FAE04EC0-301F-11D3-BF4B-00C04F79EFBC}") = "UserMaintenance", "UserMaintenance\UserMaintenance.csproj", "{4F731FAE-C307-4E64-AA7C-48B14E7995BB}"
EndProject
Global
	GlobalSection(SolutionConfigurationPlatforms) = preSolution
		Debug|Any CPU = Debug|Any CPU
		Release|Any CPU = Release|Any CPU
	EndGlobalSection
	GlobalSection(ProjectConfigurationPlatforms) = postSolution
		{4F731FAE-C307-4E64-AA7C-48B14E7995BB}.Debug|Any CPU.ActiveCfg = Debug|Any CPU
		{4F731FAE-C307-4E64-AA7C-48B14E7995BB}.Debug|Any CPU.Build.0 = Debug|Any CPU
		{4F731FAE-C307-4E64-AA7C-48B14E7995BB}.Release|Any CPU.ActiveCfg = Release|Any CPU
		{4F731FAE-C307-4E64-AA7C-48B14E7995BB}.Release|Any CPU.Build.0 = Release|Any CPU
	EndGlobalSection
	GlobalSection(SolutionProperties) = preSolution
		HideSolutionNode = FALSE
	EndGlobalSection
	GlobalSection(ExtensibilityGlobals) = postSolution
		SolutionGuid = {80A40024-9F76-4B13-A18F-F9CBB6A745F3}
	EndGlobalSection
EndGlobal
