
Microsoft Visual Studio Solution File, Format Version 12.00
# Visual Studio 15
VisualStudioVersion = 15.0.28307.572
MinimumVisualStudioVersion = 10.0.40219.1
Project("{FAE04EC0-301F-11D3-BF4B-00C04F79EFBC}") = "week10", "week10\week10.csproj", "{EC59BEDC-B6D8-4CCC-9067-991F2348F2E9}"
EndProject
Global
	GlobalSection(SolutionConfigurationPlatforms) = preSolution
		Debug|Any CPU = Debug|Any CPU
		Release|Any CPU = Release|Any CPU
	EndGlobalSection
	GlobalSection(ProjectConfigurationPlatforms) = postSolution
		{EC59BEDC-B6D8-4CCC-9067-991F2348F2E9}.Debug|Any CPU.ActiveCfg = Debug|Any CPU
		{EC59BEDC-B6D8-4CCC-9067-991F2348F2E9}.Debug|Any CPU.Build.0 = Debug|Any CPU
		{EC59BEDC-B6D8-4CCC-9067-991F2348F2E9}.Release|Any CPU.ActiveCfg = Release|Any CPU
		{EC59BEDC-B6D8-4CCC-9067-991F2348F2E9}.Release|Any CPU.Build.0 = Release|Any CPU
	EndGlobalSection
	GlobalSection(SolutionProperties) = preSolution
		HideSolutionNode = FALSE
	EndGlobalSection
	GlobalSection(ExtensibilityGlobals) = postSolution
		SolutionGuid = {99980A59-9D36-447D-8EEA-00A69EEB615C}
	EndGlobalSection
EndGlobal
