
Microsoft Visual Studio Solution File, Format Version 12.00
# Visual Studio 15
VisualStudioVersion = 15.0.28307.572
MinimumVisualStudioVersion = 10.0.40219.1
Project("{FAE04EC0-301F-11D3-BF4B-00C04F79EFBC}") = "irf-week06", "irf-week06\irf-week06.csproj", "{26253D92-22E0-427C-B8CF-22380B37E23F}"
EndProject
Global
	GlobalSection(SolutionConfigurationPlatforms) = preSolution
		Debug|Any CPU = Debug|Any CPU
		Release|Any CPU = Release|Any CPU
	EndGlobalSection
	GlobalSection(ProjectConfigurationPlatforms) = postSolution
		{26253D92-22E0-427C-B8CF-22380B37E23F}.Debug|Any CPU.ActiveCfg = Debug|Any CPU
		{26253D92-22E0-427C-B8CF-22380B37E23F}.Debug|Any CPU.Build.0 = Debug|Any CPU
		{26253D92-22E0-427C-B8CF-22380B37E23F}.Release|Any CPU.ActiveCfg = Release|Any CPU
		{26253D92-22E0-427C-B8CF-22380B37E23F}.Release|Any CPU.Build.0 = Release|Any CPU
	EndGlobalSection
	GlobalSection(SolutionProperties) = preSolution
		HideSolutionNode = FALSE
	EndGlobalSection
	GlobalSection(ExtensibilityGlobals) = postSolution
		SolutionGuid = {2521B554-541F-407D-887E-6E73EA4E65A6}
	EndGlobalSection
EndGlobal
